
Microsoft Visual Studio Solution File, Format Version 12.00
# Visual Studio Version 16
VisualStudioVersion = 16.0.32106.194
MinimumVisualStudioVersion = 10.0.40219.1
Project("{FAE04EC0-301F-11D3-BF4B-00C04F79EFBC}") = "PixelLauncher", "PixelLauncher.csproj", "{3F89903A-54CC-4643-9067-6325A657572F}"
EndProject
Global
	GlobalSection(SolutionConfigurationPlatforms) = preSolution
		Debug|Any CPU = Debug|Any CPU
		Release|Any CPU = Release|Any CPU
	EndGlobalSection
	GlobalSection(ProjectConfigurationPlatforms) = postSolution
		{3F89903A-54CC-4643-9067-6325A657572F}.Debug|Any CPU.ActiveCfg = Debug|Any CPU
		{3F89903A-54CC-4643-9067-6325A657572F}.Debug|Any CPU.Build.0 = Debug|Any CPU
		{3F89903A-54CC-4643-9067-6325A657572F}.Release|Any CPU.ActiveCfg = Release|Any CPU
		{3F89903A-54CC-4643-9067-6325A657572F}.Release|Any CPU.Build.0 = Release|Any CPU
	EndGlobalSection
	GlobalSection(SolutionProperties) = preSolution
		HideSolutionNode = FALSE
	EndGlobalSection
	GlobalSection(ExtensibilityGlobals) = postSolution
		SolutionGuid = {48F1D315-5558-49BC-939A-1B7BD60CD0F3}
	EndGlobalSection
EndGlobal
